
Microsoft Visual Studio Solution File, Format Version 12.00
# Visual Studio 14
VisualStudioVersion = 14.0.24720.0
MinimumVisualStudioVersion = 10.0.40219.1
Project("{FAE04EC0-301F-11D3-BF4B-00C04F79EFBC}") = "Clinic", "Clinic\Clinic.csproj", "{FD887957-3B53-43A0-9888-1371C09F1BA9}"
EndProject
Project("{FAE04EC0-301F-11D3-BF4B-00C04F79EFBC}") = "Entity", "Entity\Entity.csproj", "{20AC0FC7-D569-4AAE-A2EA-CF852DAFB016}"
EndProject
Project("{FAE04EC0-301F-11D3-BF4B-00C04F79EFBC}") = "DAO", "DAO\DAO.csproj", "{8434A1E5-2890-4DB1-BD1B-EFC09860A27B}"
EndProject
Project("{FAE04EC0-301F-11D3-BF4B-00C04F79EFBC}") = "DBConnection", "DBConn\DBConnection.csproj", "{1C9084C7-F7FC-47B5-A911-2C71034183C9}"
EndProject
Project("{FAE04EC0-301F-11D3-BF4B-00C04F79EFBC}") = "GenericControls", "GenericControls\GenericControls.csproj", "{0983FDA6-507F-41B1-810B-0A7A47AEFF4E}"
EndProject
Project("{FAE04EC0-301F-11D3-BF4B-00C04F79EFBC}") = "UIViews", "UIViews\UIViews.csproj", "{82BAEEDF-C6B3-4B2D-951E-329FC075684F}"
EndProject
Project("{FAE04EC0-301F-11D3-BF4B-00C04F79EFBC}") = "Utils", "Utils\Utils.csproj", "{C3877CF1-DDE0-44E2-A610-3016384E92C1}"
EndProject
Project("{FAE04EC0-301F-11D3-BF4B-00C04F79EFBC}") = "UnitTests", "UnitTests\UnitTests.csproj", "{9A3F0887-3D75-4098-A424-03A9D98B01A3}"
EndProject
Project("{FAE04EC0-301F-11D3-BF4B-00C04F79EFBC}") = "SessionData", "SessionData\SessionData.csproj", "{15B4C451-CF5E-4BC6-AD96-6B7F914ACFF8}"
EndProject
Global
	GlobalSection(SolutionConfigurationPlatforms) = preSolution
		Debug|Any CPU = Debug|Any CPU
		Release|Any CPU = Release|Any CPU
	EndGlobalSection
	GlobalSection(ProjectConfigurationPlatforms) = postSolution
		{FD887957-3B53-43A0-9888-1371C09F1BA9}.Debug|Any CPU.ActiveCfg = Debug|Any CPU
		{FD887957-3B53-43A0-9888-1371C09F1BA9}.Debug|Any CPU.Build.0 = Debug|Any CPU
		{FD887957-3B53-43A0-9888-1371C09F1BA9}.Release|Any CPU.ActiveCfg = Release|Any CPU
		{FD887957-3B53-43A0-9888-1371C09F1BA9}.Release|Any CPU.Build.0 = Release|Any CPU
		{20AC0FC7-D569-4AAE-A2EA-CF852DAFB016}.Debug|Any CPU.ActiveCfg = Debug|Any CPU
		{20AC0FC7-D569-4AAE-A2EA-CF852DAFB016}.Debug|Any CPU.Build.0 = Debug|Any CPU
		{20AC0FC7-D569-4AAE-A2EA-CF852DAFB016}.Release|Any CPU.ActiveCfg = Release|Any CPU
		{20AC0FC7-D569-4AAE-A2EA-CF852DAFB016}.Release|Any CPU.Build.0 = Release|Any CPU
		{8434A1E5-2890-4DB1-BD1B-EFC09860A27B}.Debug|Any CPU.ActiveCfg = Debug|Any CPU
		{8434A1E5-2890-4DB1-BD1B-EFC09860A27B}.Debug|Any CPU.Build.0 = Debug|Any CPU
		{8434A1E5-2890-4DB1-BD1B-EFC09860A27B}.Release|Any CPU.ActiveCfg = Release|Any CPU
		{8434A1E5-2890-4DB1-BD1B-EFC09860A27B}.Release|Any CPU.Build.0 = Release|Any CPU
		{1C9084C7-F7FC-47B5-A911-2C71034183C9}.Debug|Any CPU.ActiveCfg = Debug|Any CPU
		{1C9084C7-F7FC-47B5-A911-2C71034183C9}.Debug|Any CPU.Build.0 = Debug|Any CPU
		{1C9084C7-F7FC-47B5-A911-2C71034183C9}.Release|Any CPU.ActiveCfg = Release|Any CPU
		{1C9084C7-F7FC-47B5-A911-2C71034183C9}.Release|Any CPU.Build.0 = Release|Any CPU
		{0983FDA6-507F-41B1-810B-0A7A47AEFF4E}.Debug|Any CPU.ActiveCfg = Debug|Any CPU
		{0983FDA6-507F-41B1-810B-0A7A47AEFF4E}.Debug|Any CPU.Build.0 = Debug|Any CPU
		{0983FDA6-507F-41B1-810B-0A7A47AEFF4E}.Release|Any CPU.ActiveCfg = Release|Any CPU
		{0983FDA6-507F-41B1-810B-0A7A47AEFF4E}.Release|Any CPU.Build.0 = Release|Any CPU
		{82BAEEDF-C6B3-4B2D-951E-329FC075684F}.Debug|Any CPU.ActiveCfg = Debug|Any CPU
		{82BAEEDF-C6B3-4B2D-951E-329FC075684F}.Debug|Any CPU.Build.0 = Debug|Any CPU
		{82BAEEDF-C6B3-4B2D-951E-329FC075684F}.Release|Any CPU.ActiveCfg = Release|Any CPU
		{82BAEEDF-C6B3-4B2D-951E-329FC075684F}.Release|Any CPU.Build.0 = Release|Any CPU
		{C3877CF1-DDE0-44E2-A610-3016384E92C1}.Debug|Any CPU.ActiveCfg = Debug|Any CPU
		{C3877CF1-DDE0-44E2-A610-3016384E92C1}.Debug|Any CPU.Build.0 = Debug|Any CPU
		{C3877CF1-DDE0-44E2-A610-3016384E92C1}.Release|Any CPU.ActiveCfg = Release|Any CPU
		{C3877CF1-DDE0-44E2-A610-3016384E92C1}.Release|Any CPU.Build.0 = Release|Any CPU
		{9A3F0887-3D75-4098-A424-03A9D98B01A3}.Debug|Any CPU.ActiveCfg = Debug|Any CPU
		{9A3F0887-3D75-4098-A424-03A9D98B01A3}.Debug|Any CPU.Build.0 = Debug|Any CPU
		{9A3F0887-3D75-4098-A424-03A9D98B01A3}.Release|Any CPU.ActiveCfg = Release|Any CPU
		{9A3F0887-3D75-4098-A424-03A9D98B01A3}.Release|Any CPU.Build.0 = Release|Any CPU
		{15B4C451-CF5E-4BC6-AD96-6B7F914ACFF8}.Debug|Any CPU.ActiveCfg = Debug|Any CPU
		{15B4C451-CF5E-4BC6-AD96-6B7F914ACFF8}.Debug|Any CPU.Build.0 = Debug|Any CPU
		{15B4C451-CF5E-4BC6-AD96-6B7F914ACFF8}.Release|Any CPU.ActiveCfg = Release|Any CPU
		{15B4C451-CF5E-4BC6-AD96-6B7F914ACFF8}.Release|Any CPU.Build.0 = Release|Any CPU
	EndGlobalSection
	GlobalSection(SolutionProperties) = preSolution
		HideSolutionNode = FALSE
	EndGlobalSection
EndGlobal
